
Microsoft Visual Studio Solution File, Format Version 12.00
# Visual Studio Version 17
VisualStudioVersion = 17.11.35312.102
MinimumVisualStudioVersion = 10.0.40219.1
Project("{FAE04EC0-301F-11D3-BF4B-00C04F79EFBC}") = "Task1", "Task1\Task1.csproj", "{98746EE3-5119-4DFB-9816-64578F811EED}"
EndProject
Project("{FAE04EC0-301F-11D3-BF4B-00C04F79EFBC}") = "Task2", "Task2\Task2.csproj", "{0084B62D-7B58-4979-975E-7A0B6B35BE38}"
EndProject
Project("{FAE04EC0-301F-11D3-BF4B-00C04F79EFBC}") = "Task3", "Task3\Task3.csproj", "{70B3E1AB-6556-4EA8-BB35-668B97C1AC17}"
EndProject
Global
	GlobalSection(SolutionConfigurationPlatforms) = preSolution
		Debug|Any CPU = Debug|Any CPU
		Release|Any CPU = Release|Any CPU
	EndGlobalSection
	GlobalSection(ProjectConfigurationPlatforms) = postSolution
		{98746EE3-5119-4DFB-9816-64578F811EED}.Debug|Any CPU.ActiveCfg = Debug|Any CPU
		{98746EE3-5119-4DFB-9816-64578F811EED}.Debug|Any CPU.Build.0 = Debug|Any CPU
		{98746EE3-5119-4DFB-9816-64578F811EED}.Release|Any CPU.ActiveCfg = Release|Any CPU
		{98746EE3-5119-4DFB-9816-64578F811EED}.Release|Any CPU.Build.0 = Release|Any CPU
		{0084B62D-7B58-4979-975E-7A0B6B35BE38}.Debug|Any CPU.ActiveCfg = Debug|Any CPU
		{0084B62D-7B58-4979-975E-7A0B6B35BE38}.Debug|Any CPU.Build.0 = Debug|Any CPU
		{0084B62D-7B58-4979-975E-7A0B6B35BE38}.Release|Any CPU.ActiveCfg = Release|Any CPU
		{0084B62D-7B58-4979-975E-7A0B6B35BE38}.Release|Any CPU.Build.0 = Release|Any CPU
		{70B3E1AB-6556-4EA8-BB35-668B97C1AC17}.Debug|Any CPU.ActiveCfg = Debug|Any CPU
		{70B3E1AB-6556-4EA8-BB35-668B97C1AC17}.Debug|Any CPU.Build.0 = Debug|Any CPU
		{70B3E1AB-6556-4EA8-BB35-668B97C1AC17}.Release|Any CPU.ActiveCfg = Release|Any CPU
		{70B3E1AB-6556-4EA8-BB35-668B97C1AC17}.Release|Any CPU.Build.0 = Release|Any CPU
	EndGlobalSection
	GlobalSection(SolutionProperties) = preSolution
		HideSolutionNode = FALSE
	EndGlobalSection
	GlobalSection(ExtensibilityGlobals) = postSolution
		SolutionGuid = {B6B19B50-0A9D-43DD-8E71-044DAF91F42D}
	EndGlobalSection
EndGlobal
